github.com/Bradfield-CSI-2020/arun_csi_prep v0.0.0-20200809025044-64b65cf90e14 h1:7uT8OpZdaF8ei9PuRkgKOMroqb9h+ZPY3qFutIovTC4=
github.com/Bradfield-CSI-2020/arun_csi_prep/1_algorithms_and_data_structures v0.0.0-20200809025044-64b65cf90e14 h1:+9+VqQVwomelYBetNqNVjEKX1qpYIWaAL8wV8vra7gM=
github.com/Bradfield-CSI-2020/arun_csi_prep/1_algorithms_and_data_structures v0.0.0-20200809025044-64b65cf90e14/go.mod h1:IRnoFpLDB1J3MbdnnUwbXUms4KdaDU+gfHFm+GpsEB0=
